{
  "requires": true,
  "lockfileVersion": 1,
  "dependencies": {
    "react-file-picker": {
      "version": "0.0.6",
      "resolved": "https://registry.npmjs.org/react-file-picker/-/react-file-picker-0.0.6.tgz",
      "integrity": "sha512-EnRQCEeC5YpSaCm/pbUi7zroP6lMgT7SqQTFS0ZNJXlcA8Cw2zDvEIoP/SkQ8u5Lbp+L2cyoxiy7ZBVtXk5hGw=="
    }
  }
}
