{
  "requires": true,
  "lockfileVersion": 1,
  "dependencies": {
    "react-file-picker": {
      "version": "0.0.6",
      "resolved": "https://registry.npmjs.org/react-file-picker/-/react-file-picker-0.0.6.tgz",
      "integrity": "sha512-EnRQCEeC5YpSaCm/pbUi7zroP6lMgT7SqQTFS0ZNJXlcA8Cw2zDvEIoP/SkQ8u5Lbp+L2cyoxiy7ZBVtXk5hGw=="
    },
    "react-icons": {
      "version": "4.2.0",
      "resolved": "https://registry.npmjs.org/react-icons/-/react-icons-4.2.0.tgz",
      "integrity": "sha512-rmzEDFt+AVXRzD7zDE21gcxyBizD/3NqjbX6cmViAgdqfJ2UiLer8927/QhhrXQV7dEj/1EGuOTPp7JnLYVJKQ=="
    }
  }
}
