{
  "requires": true,
  "lockfileVersion": 1,
  "dependencies": {
    "argparse": {
      "version": "2.0.1",
      "resolved": "https://registry.npmjs.org/argparse/-/argparse-2.0.1.tgz",
      "integrity": "sha512-8+9WqebbFzpX9OR+Wa6O29asIogeRMzcGtAINdpMHHyAg10f05aSFVBbcEqGf/PXw1EjAZ+q2/bEBg3DvurK3Q=="
    },
    "js-yaml": {
      "version": "4.1.0",
      "resolved": "https://registry.npmjs.org/js-yaml/-/js-yaml-4.1.0.tgz",
      "integrity": "sha512-wpxZs9NoxZaJESJGIZTyDEaYpl0FKSA+FB9aJiyemKhMwkxQg63h4T1KJgUGHpTqPDNRcmmYLugrRjJlBtWvRA==",
      "requires": {
        "argparse": "^2.0.1"
      }
    },
    "react-file-picker": {
      "version": "0.0.6",
      "resolved": "https://registry.npmjs.org/react-file-picker/-/react-file-picker-0.0.6.tgz",
      "integrity": "sha512-EnRQCEeC5YpSaCm/pbUi7zroP6lMgT7SqQTFS0ZNJXlcA8Cw2zDvEIoP/SkQ8u5Lbp+L2cyoxiy7ZBVtXk5hGw=="
    },
    "react-icons": {
      "version": "4.2.0",
      "resolved": "https://registry.npmjs.org/react-icons/-/react-icons-4.2.0.tgz",
      "integrity": "sha512-rmzEDFt+AVXRzD7zDE21gcxyBizD/3NqjbX6cmViAgdqfJ2UiLer8927/QhhrXQV7dEj/1EGuOTPp7JnLYVJKQ=="
    }
  }
}
